Microsoft Visual Studio Solution File, Format Version 12.00
# Visual Studio Version 17
VisualStudioVersion = 17.5.2.0
MinimumVisualStudioVersion = 10.0.40219.1
Project("{FAE04EC0-301F-11D3-BF4B-00C04F79EFBC}") = "MicrophoneLevelMonitor", "MicrophoneLevelMonitor/MicrophoneLevelMonitor.csproj", "{61B7FFE4-DC1D-FE24-35A7-7823D6330D45}"
EndProject
Global
	GlobalSection(SolutionConfigurationPlatforms) = preSolution
		Debug|Any CPU = Debug|Any CPU
		Release|Any CPU = Release|Any CPU
	EndGlobalSection
	GlobalSection(ProjectConfigurationPlatforms) = postSolution
		{61B7FFE4-DC1D-FE24-35A7-7823D6330D45}.Debug|Any CPU.ActiveCfg = Debug|Any CPU
		{61B7FFE4-DC1D-FE24-35A7-7823D6330D45}.Debug|Any CPU.Build.0 = Debug|Any CPU
		{61B7FFE4-DC1D-FE24-35A7-7823D6330D45}.Release|Any CPU.ActiveCfg = Release|Any CPU
		{61B7FFE4-DC1D-FE24-35A7-7823D6330D45}.Release|Any CPU.Build.0 = Release|Any CPU
	EndGlobalSection
	GlobalSection(SolutionProperties) = preSolution
		HideSolutionNode = FALSE
	EndGlobalSection
	GlobalSection(ExtensibilityGlobals) = postSolution
		SolutionGuid = {FDADF32B-84F5-49EC-A8F2-8553CDF608A3}
	EndGlobalSection
EndGlobal
